
Microsoft Visual Studio Solution File, Format Version 12.00
# Visual Studio Version 17
VisualStudioVersion = 17.7.34003.232
MinimumVisualStudioVersion = 10.0.40219.1
Project("{888888A0-9F3D-457C-B088-3A5042F75D52}") = "batch", "batch\batch.pyproj", "{93731000-E06F-4E4A-AB9B-49DD31E66032}"
EndProject
Global
	GlobalSection(SolutionConfigurationPlatforms) = preSolution
		Debug|Any CPU = Debug|Any CPU
		Release|Any CPU = Release|Any CPU
	EndGlobalSection
	GlobalSection(ProjectConfigurationPlatforms) = postSolution
		{93731000-E06F-4E4A-AB9B-49DD31E66032}.Debug|Any CPU.ActiveCfg = Debug|Any CPU
		{93731000-E06F-4E4A-AB9B-49DD31E66032}.Release|Any CPU.ActiveCfg = Release|Any CPU
	EndGlobalSection
	GlobalSection(SolutionProperties) = preSolution
		HideSolutionNode = FALSE
	EndGlobalSection
	GlobalSection(ExtensibilityGlobals) = postSolution
		SolutionGuid = {6E32AB23-0522-4F44-8060-95CA4B748152}
	EndGlobalSection
EndGlobal
